
Microsoft Visual Studio Solution File, Format Version 12.00
# Visual Studio 15
<<<<<<< Updated upstream
Project("{FAE04EC0-301F-11D3-BF4B-00C04F79EFBC}") = "FMODUnity", "FMODUnity.csproj", "{1942B45A-4BC6-57D4-0378-6C987B270874}"
EndProject
Project("{FAE04EC0-301F-11D3-BF4B-00C04F79EFBC}") = "FMODUnityResonance", "FMODUnityResonance.csproj", "{9DC96977-2BE5-7FAA-00CF-0D1D054E6FB4}"
EndProject
Project("{FAE04EC0-301F-11D3-BF4B-00C04F79EFBC}") = "FMODUnityEditor", "FMODUnityEditor.csproj", "{77B31C7B-630C-87AF-2E3C-FCF74E99E82D}"
EndProject
Project("{FAE04EC0-301F-11D3-BF4B-00C04F79EFBC}") = "FMODUnityResonanceEditor", "FMODUnityResonanceEditor.csproj", "{C4DAFD9C-F47F-52A3-F1EA-59FAB136C115}"
EndProject
=======

>>>>>>> Stashed changes
Global
	GlobalSection(SolutionConfigurationPlatforms) = preSolution
		Debug|Any CPU = Debug|Any CPU
		Release|Any CPU = Release|Any CPU
	EndGlobalSection
	GlobalSection(ProjectConfigurationPlatforms) = postSolution
<<<<<<< Updated upstream
		{1942B45A-4BC6-57D4-0378-6C987B270874}.Debug|Any CPU.ActiveCfg = Debug|Any CPU
		{1942B45A-4BC6-57D4-0378-6C987B270874}.Debug|Any CPU.Build.0 = Debug|Any CPU
		{1942B45A-4BC6-57D4-0378-6C987B270874}.Release|Any CPU.ActiveCfg = Release|Any CPU
		{1942B45A-4BC6-57D4-0378-6C987B270874}.Release|Any CPU.Build.0 = Release|Any CPU
		{9DC96977-2BE5-7FAA-00CF-0D1D054E6FB4}.Debug|Any CPU.ActiveCfg = Debug|Any CPU
		{9DC96977-2BE5-7FAA-00CF-0D1D054E6FB4}.Debug|Any CPU.Build.0 = Debug|Any CPU
		{9DC96977-2BE5-7FAA-00CF-0D1D054E6FB4}.Release|Any CPU.ActiveCfg = Release|Any CPU
		{9DC96977-2BE5-7FAA-00CF-0D1D054E6FB4}.Release|Any CPU.Build.0 = Release|Any CPU
		{77B31C7B-630C-87AF-2E3C-FCF74E99E82D}.Debug|Any CPU.ActiveCfg = Debug|Any CPU
		{77B31C7B-630C-87AF-2E3C-FCF74E99E82D}.Debug|Any CPU.Build.0 = Debug|Any CPU
		{77B31C7B-630C-87AF-2E3C-FCF74E99E82D}.Release|Any CPU.ActiveCfg = Release|Any CPU
		{77B31C7B-630C-87AF-2E3C-FCF74E99E82D}.Release|Any CPU.Build.0 = Release|Any CPU
		{C4DAFD9C-F47F-52A3-F1EA-59FAB136C115}.Debug|Any CPU.ActiveCfg = Debug|Any CPU
		{C4DAFD9C-F47F-52A3-F1EA-59FAB136C115}.Debug|Any CPU.Build.0 = Debug|Any CPU
		{C4DAFD9C-F47F-52A3-F1EA-59FAB136C115}.Release|Any CPU.ActiveCfg = Release|Any CPU
		{C4DAFD9C-F47F-52A3-F1EA-59FAB136C115}.Release|Any CPU.Build.0 = Release|Any CPU
=======

>>>>>>> Stashed changes
	EndGlobalSection
	GlobalSection(SolutionProperties) = preSolution
		HideSolutionNode = FALSE
	EndGlobalSection
EndGlobal
